
Microsoft Visual Studio Solution File, Format Version 12.00
# Visual Studio Version 17
VisualStudioVersion = 17.3.32825.248
MinimumVisualStudioVersion = 10.0.40219.1
Project("{9A19103F-16F7-4668-BE54-9A1E7A4F7556}") = "ClockInOut.Presentation", "ClockInOut.Presentation\ClockInOut.Presentation.csproj", "{FFC17A93-BB2E-47E9-A63C-69EB761B41A9}"
EndProject
Project("{9A19103F-16F7-4668-BE54-9A1E7A4F7556}") = "ClockInOut.Bll", "ClockInOut.Bll\ClockInOut.Bll.csproj", "{5C5E4C5B-1A95-4B0E-8DEB-79EF51C2B52D}"
EndProject
Project("{FAE04EC0-301F-11D3-BF4B-00C04F79EFBC}") = "ClockInOut.Web", "ClockInOut.Web\ClockInOut.Web.csproj", "{DE2C57FC-5A6F-4DB5-BECB-16AE5E377ECE}"
EndProject
Global
	GlobalSection(SolutionConfigurationPlatforms) = preSolution
		Debug|Any CPU = Debug|Any CPU
		Release|Any CPU = Release|Any CPU
	EndGlobalSection
	GlobalSection(ProjectConfigurationPlatforms) = postSolution
		{FFC17A93-BB2E-47E9-A63C-69EB761B41A9}.Debug|Any CPU.ActiveCfg = Debug|Any CPU
		{FFC17A93-BB2E-47E9-A63C-69EB761B41A9}.Debug|Any CPU.Build.0 = Debug|Any CPU
		{FFC17A93-BB2E-47E9-A63C-69EB761B41A9}.Release|Any CPU.ActiveCfg = Release|Any CPU
		{FFC17A93-BB2E-47E9-A63C-69EB761B41A9}.Release|Any CPU.Build.0 = Release|Any CPU
		{5C5E4C5B-1A95-4B0E-8DEB-79EF51C2B52D}.Debug|Any CPU.ActiveCfg = Debug|Any CPU
		{5C5E4C5B-1A95-4B0E-8DEB-79EF51C2B52D}.Debug|Any CPU.Build.0 = Debug|Any CPU
		{5C5E4C5B-1A95-4B0E-8DEB-79EF51C2B52D}.Release|Any CPU.ActiveCfg = Release|Any CPU
		{5C5E4C5B-1A95-4B0E-8DEB-79EF51C2B52D}.Release|Any CPU.Build.0 = Release|Any CPU
		{DE2C57FC-5A6F-4DB5-BECB-16AE5E377ECE}.Debug|Any CPU.ActiveCfg = Debug|Any CPU
		{DE2C57FC-5A6F-4DB5-BECB-16AE5E377ECE}.Debug|Any CPU.Build.0 = Debug|Any CPU
		{DE2C57FC-5A6F-4DB5-BECB-16AE5E377ECE}.Release|Any CPU.ActiveCfg = Release|Any CPU
		{DE2C57FC-5A6F-4DB5-BECB-16AE5E377ECE}.Release|Any CPU.Build.0 = Release|Any CPU
	EndGlobalSection
	GlobalSection(SolutionProperties) = preSolution
		HideSolutionNode = FALSE
	EndGlobalSection
	GlobalSection(ExtensibilityGlobals) = postSolution
		SolutionGuid = {EA8BFA3C-A223-40EE-9F50-22D68BEBBCA5}
	EndGlobalSection
EndGlobal
